
Microsoft Visual Studio Solution File, Format Version 12.00
# Visual Studio Version 17
VisualStudioVersion = 17.5.33530.505
MinimumVisualStudioVersion = 10.0.40219.1
Project("{FAE04EC0-301F-11D3-BF4B-00C04F79EFBC}") = "DecentDesigners", "DecentDesigners.csproj", "{75A3EB40-8563-44F2-9EC7-34CC3BC977FD}"
	ProjectSection(ProjectDependencies) = postProject
		{030862B6-1855-4D07-9A67-A791E6045C83} = {030862B6-1855-4D07-9A67-A791E6045C83}
		{4545EC22-00C6-4B77-B501-8B0BABE8C8F7} = {4545EC22-00C6-4B77-B501-8B0BABE8C8F7}
		{7CB220C8-2C1F-4344-ABC1-C3A9E5F2C383} = {7CB220C8-2C1F-4344-ABC1-C3A9E5F2C383}
	EndProjectSection
EndProject
Project("{FAE04EC0-301F-11D3-BF4B-00C04F79EFBC}") = "DD.DAL", "DAL\DD.DAL\DD.DAL.csproj", "{7CB220C8-2C1F-4344-ABC1-C3A9E5F2C383}"
	ProjectSection(ProjectDependencies) = postProject
		{4545EC22-00C6-4B77-B501-8B0BABE8C8F7} = {4545EC22-00C6-4B77-B501-8B0BABE8C8F7}
	EndProjectSection
EndProject
Project("{FAE04EC0-301F-11D3-BF4B-00C04F79EFBC}") = "DD.DBL", "DBL\DD.DBL\DD.DBL.csproj", "{4545EC22-00C6-4B77-B501-8B0BABE8C8F7}"
EndProject
Project("{FAE04EC0-301F-11D3-BF4B-00C04F79EFBC}") = "DD.Service", "DSL\DD.Service\DD.Service.csproj", "{030862B6-1855-4D07-9A67-A791E6045C83}"
EndProject
Global
	GlobalSection(SolutionConfigurationPlatforms) = preSolution
		Debug|Any CPU = Debug|Any CPU
		Release|Any CPU = Release|Any CPU
	EndGlobalSection
	GlobalSection(ProjectConfigurationPlatforms) = postSolution
		{75A3EB40-8563-44F2-9EC7-34CC3BC977FD}.Debug|Any CPU.ActiveCfg = Debug|Any CPU
		{75A3EB40-8563-44F2-9EC7-34CC3BC977FD}.Debug|Any CPU.Build.0 = Debug|Any CPU
		{75A3EB40-8563-44F2-9EC7-34CC3BC977FD}.Release|Any CPU.ActiveCfg = Release|Any CPU
		{75A3EB40-8563-44F2-9EC7-34CC3BC977FD}.Release|Any CPU.Build.0 = Release|Any CPU
		{7CB220C8-2C1F-4344-ABC1-C3A9E5F2C383}.Debug|Any CPU.ActiveCfg = Debug|Any CPU
		{7CB220C8-2C1F-4344-ABC1-C3A9E5F2C383}.Debug|Any CPU.Build.0 = Debug|Any CPU
		{7CB220C8-2C1F-4344-ABC1-C3A9E5F2C383}.Release|Any CPU.ActiveCfg = Release|Any CPU
		{7CB220C8-2C1F-4344-ABC1-C3A9E5F2C383}.Release|Any CPU.Build.0 = Release|Any CPU
		{4545EC22-00C6-4B77-B501-8B0BABE8C8F7}.Debug|Any CPU.ActiveCfg = Debug|Any CPU
		{4545EC22-00C6-4B77-B501-8B0BABE8C8F7}.Debug|Any CPU.Build.0 = Debug|Any CPU
		{4545EC22-00C6-4B77-B501-8B0BABE8C8F7}.Release|Any CPU.ActiveCfg = Release|Any CPU
		{4545EC22-00C6-4B77-B501-8B0BABE8C8F7}.Release|Any CPU.Build.0 = Release|Any CPU
		{030862B6-1855-4D07-9A67-A791E6045C83}.Debug|Any CPU.ActiveCfg = Debug|Any CPU
		{030862B6-1855-4D07-9A67-A791E6045C83}.Debug|Any CPU.Build.0 = Debug|Any CPU
		{030862B6-1855-4D07-9A67-A791E6045C83}.Release|Any CPU.ActiveCfg = Release|Any CPU
		{030862B6-1855-4D07-9A67-A791E6045C83}.Release|Any CPU.Build.0 = Release|Any CPU
	EndGlobalSection
	GlobalSection(SolutionProperties) = preSolution
		HideSolutionNode = FALSE
	EndGlobalSection
	GlobalSection(ExtensibilityGlobals) = postSolution
		SolutionGuid = {D8938A42-63CF-4789-9CE3-CC202F7C6F84}
	EndGlobalSection
EndGlobal
